
Microsoft Visual Studio Solution File, Format Version 11.00
# Visual C# Express 2010
Project("{FAE04EC0-301F-11D3-BF4B-00C04F79EFBC}") = "sintaxis pila", "sintaxis pila\sintaxis pila.csproj", "{DFC56EFD-8D5A-4619-B991-26F5E7BD110B}"
EndProject
Global
	GlobalSection(SolutionConfigurationPlatforms) = preSolution
		Debug|x86 = Debug|x86
		Release|x86 = Release|x86
	EndGlobalSection
	GlobalSection(ProjectConfigurationPlatforms) = postSolution
		{DFC56EFD-8D5A-4619-B991-26F5E7BD110B}.Debug|x86.ActiveCfg = Debug|x86
		{DFC56EFD-8D5A-4619-B991-26F5E7BD110B}.Debug|x86.Build.0 = Debug|x86
		{DFC56EFD-8D5A-4619-B991-26F5E7BD110B}.Release|x86.ActiveCfg = Release|x86
		{DFC56EFD-8D5A-4619-B991-26F5E7BD110B}.Release|x86.Build.0 = Release|x86
	EndGlobalSection
	GlobalSection(SolutionProperties) = preSolution
		HideSolutionNode = FALSE
	EndGlobalSection
EndGlobal
